
Microsoft Visual Studio Solution File, Format Version 12.00
# Visual Studio 15
Project("{FAE04EC0-301F-11D3-BF4B-00C04F79EFBC}") = "Assembly-CSharp-firstpass", "Assembly-CSharp-firstpass.csproj", "{FBC479B3-845A-26BE-C364-2E5B57E2140D}"
EndProject
Project("{FAE04EC0-301F-11D3-BF4B-00C04F79EFBC}") = "Assembly-CSharp", "Assembly-CSharp.csproj", "{5E11D15B-F95F-8F0A-A7E3-6306BE9222B9}"
EndProject
Project("{FAE04EC0-301F-11D3-BF4B-00C04F79EFBC}") = "Assembly-CSharp-Editor-firstpass", "Assembly-CSharp-Editor-firstpass.csproj", "{93FA2165-F919-D976-B8B8-4B88FADE8C02}"
EndProject
Project("{FAE04EC0-301F-11D3-BF4B-00C04F79EFBC}") = "Assembly-CSharp-Editor", "Assembly-CSharp-Editor.csproj", "{9C0F2763-352F-2198-C9B7-54C4C0C02E16}"
EndProject
Global
	GlobalSection(SolutionConfigurationPlatforms) = preSolution
		Debug|Any CPU = Debug|Any CPU
		Release|Any CPU = Release|Any CPU
	EndGlobalSection
	GlobalSection(ProjectConfigurationPlatforms) = postSolution
		{FBC479B3-845A-26BE-C364-2E5B57E2140D}.Debug|Any CPU.ActiveCfg = Debug|Any CPU
		{FBC479B3-845A-26BE-C364-2E5B57E2140D}.Debug|Any CPU.Build.0 = Debug|Any CPU
		{FBC479B3-845A-26BE-C364-2E5B57E2140D}.Release|Any CPU.ActiveCfg = Release|Any CPU
		{FBC479B3-845A-26BE-C364-2E5B57E2140D}.Release|Any CPU.Build.0 = Release|Any CPU
		{5E11D15B-F95F-8F0A-A7E3-6306BE9222B9}.Debug|Any CPU.ActiveCfg = Debug|Any CPU
		{5E11D15B-F95F-8F0A-A7E3-6306BE9222B9}.Debug|Any CPU.Build.0 = Debug|Any CPU
		{5E11D15B-F95F-8F0A-A7E3-6306BE9222B9}.Release|Any CPU.ActiveCfg = Release|Any CPU
		{5E11D15B-F95F-8F0A-A7E3-6306BE9222B9}.Release|Any CPU.Build.0 = Release|Any CPU
		{93FA2165-F919-D976-B8B8-4B88FADE8C02}.Debug|Any CPU.ActiveCfg = Debug|Any CPU
		{93FA2165-F919-D976-B8B8-4B88FADE8C02}.Debug|Any CPU.Build.0 = Debug|Any CPU
		{93FA2165-F919-D976-B8B8-4B88FADE8C02}.Release|Any CPU.ActiveCfg = Release|Any CPU
		{93FA2165-F919-D976-B8B8-4B88FADE8C02}.Release|Any CPU.Build.0 = Release|Any CPU
		{9C0F2763-352F-2198-C9B7-54C4C0C02E16}.Debug|Any CPU.ActiveCfg = Debug|Any CPU
		{9C0F2763-352F-2198-C9B7-54C4C0C02E16}.Debug|Any CPU.Build.0 = Debug|Any CPU
		{9C0F2763-352F-2198-C9B7-54C4C0C02E16}.Release|Any CPU.ActiveCfg = Release|Any CPU
		{9C0F2763-352F-2198-C9B7-54C4C0C02E16}.Release|Any CPU.Build.0 = Release|Any CPU
	EndGlobalSection
	GlobalSection(SolutionProperties) = preSolution
		HideSolutionNode = FALSE
	EndGlobalSection
EndGlobal
